
Microsoft Visual Studio Solution File, Format Version 12.00
# Visual Studio Version 16
VisualStudioVersion = 16.0.29613.14
MinimumVisualStudioVersion = 10.0.40219.1
Project("{9A19103F-16F7-4668-BE54-9A1E7A4F7556}") = "NicholsLucasPractical", "NicholsLucasPractical\NicholsLucasPractical.csproj", "{40758C9A-D7EA-41C9-855A-432FBEC03621}"
EndProject
Project("{00D1A9C2-B5F0-4AF3-8072-F6C62B433612}") = "PracticalDatabase", "PracticalDatabase\PracticalDatabase.sqlproj", "{10D864D9-4B11-454B-AC54-C6D70CB9A45F}"
EndProject
Global
	GlobalSection(SolutionConfigurationPlatforms) = preSolution
		Debug|Any CPU = Debug|Any CPU
		Release|Any CPU = Release|Any CPU
	EndGlobalSection
	GlobalSection(ProjectConfigurationPlatforms) = postSolution
		{40758C9A-D7EA-41C9-855A-432FBEC03621}.Debug|Any CPU.ActiveCfg = Debug|Any CPU
		{40758C9A-D7EA-41C9-855A-432FBEC03621}.Debug|Any CPU.Build.0 = Debug|Any CPU
		{40758C9A-D7EA-41C9-855A-432FBEC03621}.Release|Any CPU.ActiveCfg = Release|Any CPU
		{40758C9A-D7EA-41C9-855A-432FBEC03621}.Release|Any CPU.Build.0 = Release|Any CPU
		{10D864D9-4B11-454B-AC54-C6D70CB9A45F}.Debug|Any CPU.ActiveCfg = Debug|Any CPU
		{10D864D9-4B11-454B-AC54-C6D70CB9A45F}.Debug|Any CPU.Build.0 = Debug|Any CPU
		{10D864D9-4B11-454B-AC54-C6D70CB9A45F}.Debug|Any CPU.Deploy.0 = Debug|Any CPU
		{10D864D9-4B11-454B-AC54-C6D70CB9A45F}.Release|Any CPU.ActiveCfg = Release|Any CPU
		{10D864D9-4B11-454B-AC54-C6D70CB9A45F}.Release|Any CPU.Build.0 = Release|Any CPU
		{10D864D9-4B11-454B-AC54-C6D70CB9A45F}.Release|Any CPU.Deploy.0 = Release|Any CPU
	EndGlobalSection
	GlobalSection(SolutionProperties) = preSolution
		HideSolutionNode = FALSE
	EndGlobalSection
	GlobalSection(ExtensibilityGlobals) = postSolution
		SolutionGuid = {834F60E4-8355-49D6-9259-D744E3BF9DBF}
	EndGlobalSection
EndGlobal
